
Microsoft Visual Studio Solution File, Format Version 12.00
# Visual Studio Version 17
VisualStudioVersion = 17.11.35222.181
MinimumVisualStudioVersion = 10.0.40219.1
Project("{FAE04EC0-301F-11D3-BF4B-00C04F79EFBC}") = "SOLID_ISPDIP", "SOLID_ISPDIP\SOLID_ISPDIP.csproj", "{2E5FE649-E3E1-4C29-A9B5-EA535CC3A769}"
EndProject
Project("{FAE04EC0-301F-11D3-BF4B-00C04F79EFBC}") = "RemoteLib", "RemoteLib\RemoteLib.csproj", "{E8C1B8AE-3E84-4ED6-BA96-886C5E3F08D2}"
EndProject
Project("{FAE04EC0-301F-11D3-BF4B-00C04F79EFBC}") = "RemoteLibTesting", "RemoteLibTesting\RemoteLibTesting.csproj", "{37F8B7F1-4A44-4CF8-90FA-8A9DEF272DD5}"
EndProject
Global
	GlobalSection(SolutionConfigurationPlatforms) = preSolution
		Debug|Any CPU = Debug|Any CPU
		Release|Any CPU = Release|Any CPU
	EndGlobalSection
	GlobalSection(ProjectConfigurationPlatforms) = postSolution
		{2E5FE649-E3E1-4C29-A9B5-EA535CC3A769}.Debug|Any CPU.ActiveCfg = Debug|Any CPU
		{2E5FE649-E3E1-4C29-A9B5-EA535CC3A769}.Debug|Any CPU.Build.0 = Debug|Any CPU
		{2E5FE649-E3E1-4C29-A9B5-EA535CC3A769}.Release|Any CPU.ActiveCfg = Release|Any CPU
		{2E5FE649-E3E1-4C29-A9B5-EA535CC3A769}.Release|Any CPU.Build.0 = Release|Any CPU
		{E8C1B8AE-3E84-4ED6-BA96-886C5E3F08D2}.Debug|Any CPU.ActiveCfg = Debug|Any CPU
		{E8C1B8AE-3E84-4ED6-BA96-886C5E3F08D2}.Debug|Any CPU.Build.0 = Debug|Any CPU
		{E8C1B8AE-3E84-4ED6-BA96-886C5E3F08D2}.Release|Any CPU.ActiveCfg = Release|Any CPU
		{E8C1B8AE-3E84-4ED6-BA96-886C5E3F08D2}.Release|Any CPU.Build.0 = Release|Any CPU
		{37F8B7F1-4A44-4CF8-90FA-8A9DEF272DD5}.Debug|Any CPU.ActiveCfg = Debug|Any CPU
		{37F8B7F1-4A44-4CF8-90FA-8A9DEF272DD5}.Debug|Any CPU.Build.0 = Debug|Any CPU
		{37F8B7F1-4A44-4CF8-90FA-8A9DEF272DD5}.Release|Any CPU.ActiveCfg = Release|Any CPU
		{37F8B7F1-4A44-4CF8-90FA-8A9DEF272DD5}.Release|Any CPU.Build.0 = Release|Any CPU
	EndGlobalSection
	GlobalSection(SolutionProperties) = preSolution
		HideSolutionNode = FALSE
	EndGlobalSection
	GlobalSection(ExtensibilityGlobals) = postSolution
		SolutionGuid = {B48874B4-4AF5-44F7-BABC-9687AA4CBBE7}
	EndGlobalSection
EndGlobal
